
Microsoft Visual Studio Solution File, Format Version 12.00
# Visual Studio Version 16
VisualStudioVersion = 16.0.30907.101
MinimumVisualStudioVersion = 10.0.40219.1
Project("{FAE04EC0-301F-11D3-BF4B-00C04F79EFBC}") = "CalculatorNewNew", "CalculatorNewNew\CalculatorNewNew.csproj", "{3117DDD7-2A08-44B1-85FA-BB8CD670EF34}"
EndProject
Project("{FAE04EC0-301F-11D3-BF4B-00C04F79EFBC}") = "Calculator.Test", "Calculator.Test\Calculator.Test.csproj", "{7244BBD7-059D-4613-8A88-5A5301AD4824}"
EndProject
Global
	GlobalSection(SolutionConfigurationPlatforms) = preSolution
		Debug|Any CPU = Debug|Any CPU
		Release|Any CPU = Release|Any CPU
	EndGlobalSection
	GlobalSection(ProjectConfigurationPlatforms) = postSolution
		{3117DDD7-2A08-44B1-85FA-BB8CD670EF34}.Debug|Any CPU.ActiveCfg = Debug|Any CPU
		{3117DDD7-2A08-44B1-85FA-BB8CD670EF34}.Debug|Any CPU.Build.0 = Debug|Any CPU
		{3117DDD7-2A08-44B1-85FA-BB8CD670EF34}.Release|Any CPU.ActiveCfg = Release|Any CPU
		{3117DDD7-2A08-44B1-85FA-BB8CD670EF34}.Release|Any CPU.Build.0 = Release|Any CPU
		{7244BBD7-059D-4613-8A88-5A5301AD4824}.Debug|Any CPU.ActiveCfg = Debug|Any CPU
		{7244BBD7-059D-4613-8A88-5A5301AD4824}.Debug|Any CPU.Build.0 = Debug|Any CPU
		{7244BBD7-059D-4613-8A88-5A5301AD4824}.Release|Any CPU.ActiveCfg = Release|Any CPU
		{7244BBD7-059D-4613-8A88-5A5301AD4824}.Release|Any CPU.Build.0 = Release|Any CPU
	EndGlobalSection
	GlobalSection(SolutionProperties) = preSolution
		HideSolutionNode = FALSE
	EndGlobalSection
	GlobalSection(ExtensibilityGlobals) = postSolution
		SolutionGuid = {8EF9788B-C313-4830-ADE3-282B4FE45054}
	EndGlobalSection
EndGlobal
